
Microsoft Visual Studio Solution File, Format Version 12.00
# Visual Studio Version 17
VisualStudioVersion = 17.1.32210.238
MinimumVisualStudioVersion = 10.0.40219.1
Project("{8BC9CEB8-8B4A-11D0-8D11-00A0C91BC942}") = "JSOF_HA", "JSOF_HA.vcxproj", "{CD3F96F9-612C-4A21-B836-37365AEDB0CC}"
EndProject
Global
	GlobalSection(SolutionConfigurationPlatforms) = preSolution
		Debug|x64 = Debug|x64
		Debug|x86 = Debug|x86
		Release|x64 = Release|x64
		Release|x86 = Release|x86
	EndGlobalSection
	GlobalSection(ProjectConfigurationPlatforms) = postSolution
		{CD3F96F9-612C-4A21-B836-37365AEDB0CC}.Debug|x64.ActiveCfg = Debug|x64
		{CD3F96F9-612C-4A21-B836-37365AEDB0CC}.Debug|x64.Build.0 = Debug|x64
		{CD3F96F9-612C-4A21-B836-37365AEDB0CC}.Debug|x86.ActiveCfg = Debug|Win32
		{CD3F96F9-612C-4A21-B836-37365AEDB0CC}.Debug|x86.Build.0 = Debug|Win32
		{CD3F96F9-612C-4A21-B836-37365AEDB0CC}.Release|x64.ActiveCfg = Release|x64
		{CD3F96F9-612C-4A21-B836-37365AEDB0CC}.Release|x64.Build.0 = Release|x64
		{CD3F96F9-612C-4A21-B836-37365AEDB0CC}.Release|x86.ActiveCfg = Release|Win32
		{CD3F96F9-612C-4A21-B836-37365AEDB0CC}.Release|x86.Build.0 = Release|Win32
	EndGlobalSection
	GlobalSection(SolutionProperties) = preSolution
		HideSolutionNode = FALSE
	EndGlobalSection
	GlobalSection(ExtensibilityGlobals) = postSolution
		SolutionGuid = {758CD3D7-5F78-44B8-A452-C72E28EC0E9C}
	EndGlobalSection
EndGlobal
